# THIS IS AN AUTOGENERATED FILE. DO NOT EDIT THIS FILE DIRECTLY.
# yarn lockfile v1


bun-types@^0.5.0:
  version "0.5.8"
  resolved "https://registry.yarnpkg.com/bun-types/-/bun-types-0.5.8.tgz#953722062116e0b87ce00e4e4cc807673926b834"
  integrity sha512-VHwD0MAHo3wraYAeqTWH2NDmXOdGfC3wWWOnZvK93ytI6yq/LkgsCjDudWNmN7MlfPvJb2zoLMnkzhjxNwLsLw==

typescript@^5.0.3:
  version "5.0.3"
  resolved "https://registry.yarnpkg.com/typescript/-/typescript-5.0.3.tgz#fe976f0c826a88d0a382007681cbb2da44afdedf"
  integrity sha512-xv8mOEDnigb/tN9PSMTwSEqAnUvkoXMQlicOb0IUVDBSQCgBSaAAROUZYy2IcUy5qU6XajK5jjjO7TMWqBTKZA==
